// !$*UTF8*$!
{
	archiveVersion = 1;
	classes = {
	};
	objectVersion = 50;
	objects = {

/* Begin PBXBuildFile section */
		EE8AAFF725195074005DF2BE /* AppDelegate.swift in Sources */ = {isa = PBXBuildFile; fileRef = EE8AAFF625195074005DF2BE /* AppDelegate.swift */; };
		EE8AAFF925195074005DF2BE /* SceneDelegate.swift in Sources */ = {isa = PBXBuildFile; fileRef = EE8AAFF825195074005DF2BE /* SceneDelegate.swift */; };
		EE8AAFFB25195074005DF2BE /* ContentView.swift in Sources */ = {isa = PBXBuildFile; fileRef = EE8AAFFA25195074005DF2BE /* ContentView.swift */; };
		EE8AAFFD25195077005DF2BE /* Assets.xcassets in Resources */ = {isa = PBXBuildFile; fileRef = EE8AAFFC25195077005DF2BE /* Assets.xcassets */; };
		EE8AB00025195077005DF2BE /* Preview Assets.xcassets in Resources */ = {isa = PBXBuildFile; fileRef = EE8AAFFF25195077005DF2BE /* Preview Assets.xcassets */; };
		EE8AB00325195077005DF2BE /* LaunchScreen.storyboard in Resources */ = {isa = PBXBuildFile; fileRef = EE8AB00125195077005DF2BE /* LaunchScreen.storyboard */; };
/* End PBXBuildFile section */

/* Begin PBXFileReference section */
		EE8AAFF325195074005DF2BE /* Algo Visualizer.app */ = {isa = PBXFileReference; explicitFileType = wrapper.application; includeInIndex = 0; path = "Algo Visualizer.app"; sourceTree = BUILT_PRODUCTS_DIR; };
		EE8AAFF625195074005DF2BE /* AppDelegate.swift */ = {isa = PBXFileReference; lastKnownFileType = sourcecode.swift; path = AppDelegate.swift; sourceTree = "<group>"; };
		EE8AAFF825195074005DF2BE /* SceneDelegate.swift */ = {isa = PBXFileReference; lastKnownFileType = sourcecode.swift; path = SceneDelegate.swift; sourceTree = "<group>"; };
		EE8AAFFA25195074005DF2BE /* ContentView.swift */ = {isa = PBXFileReference; lastKnownFileType = sourcecode.swift; path = ContentView.swift; sourceTree = "<group>"; };
		EE8AAFFC25195077005DF2BE /* Assets.xcassets */ = {isa = PBXFileReference; lastKnownFileType = folder.assetcatalog; path = Assets.xcassets; sourceTree = "<group>"; };
		EE8AAFFF25195077005DF2BE /* Preview Assets.xcassets */ = {isa = PBXFileReference; lastKnownFileType = folder.assetcatalog; path = "Preview Assets.xcassets"; sourceTree = "<group>"; };
		EE8AB00225195077005DF2BE /* Base */ = {isa = PBXFileReference; lastKnownFileType = file.storyboard; name = Base; path = Base.lproj/LaunchScreen.storyboard; sourceTree = "<group>"; };
		EE8AB00425195077005DF2BE /* Info.plist */ = {isa = PBXFileReference; lastKnownFileType = text.plist.xml; path = Info.plist; sourceTree = "<group>"; };
/* End PBXFileReference section */

/* Begin PBXFrameworksBuildPhase section */
		EE8AAFF025195074005DF2BE /* Frameworks */ = {
			isa = PBXFrameworksBuildPhase;
			buildActionMask = 2147483647;
			files = (
			);
			runOnlyForDeploymentPostprocessing = 0;
		};
/* End PBXFrameworksBuildPhase section */

/* Begin PBXGroup section */
		EE8AAFEA25195074005DF2BE = {
			isa = PBXGroup;
			children = (
				EE8AAFF525195074005DF2BE /* Algo Visualizer */,
				EE8AAFF425195074005DF2BE /* Products */,
			);
			sourceTree = "<group>";
		};
		EE8AAFF425195074005DF2BE /* Products */ = {
			isa = PBXGroup;
			children = (
				EE8AAFF325195074005DF2BE /* Algo Visualizer.app */,
			);
			name = Products;
			sourceTree = "<group>";
		};
		EE8AAFF525195074005DF2BE /* Algo Visualizer */ = {
			isa = PBXGroup;
			children = (
				EE8AAFF625195074005DF2BE /* AppDelegate.swift */,
				EE8AAFF825195074005DF2BE /* SceneDelegate.swift */,
				EE8AAFFA25195074005DF2BE /* ContentView.swift */,
				EE8AAFFC25195077005DF2BE /* Assets.xcassets */,
				EE8AB00125195077005DF2BE /* LaunchScreen.storyboard */,
				EE8AB00425195077005DF2BE /* Info.plist */,
				EE8AAFFE25195077005DF2BE /* Preview Content */,
			);
			path = "Algo Visualizer";
			sourceTree = "<group>";
		};
		EE8AAFFE25195077005DF2BE /* Preview Content */ = {
			isa = PBXGroup;
			children = (
				EE8AAFFF25195077005DF2BE /* Preview Assets.xcassets */,
			);
			path = "Preview Content";
			sourceTree = "<group>";
		};
/* End PBXGroup section */

/* Begin PBXNativeTarget section */
		EE8AAFF225195074005DF2BE /* Algo Visualizer */ = {
			isa = PBXNativeTarget;
			buildConfigurationList = EE8AB00725195077005DF2BE /* Build configuration list for PBXNativeTarget "Algo Visualizer" */;
			buildPhases = (
				EE8AAFEF25195074005DF2BE /* Sources */,
				EE8AAFF025195074005DF2BE /* Frameworks */,
				EE8AAFF125195074005DF2BE /* Resources */,
			);
			buildRules = (
			);
			dependencies = (
			);
			name = "Algo Visualizer";
			productName = "Algo Visualizer";
			productReference = EE8AAFF325195074005DF2BE /* Algo Visualizer.app */;
			productType = "com.apple.product-type.application";
		};
/* End PBXNativeTarget section */

/* Begin PBXProject section */
		EE8AAFEB25195074005DF2BE /* Project object */ = {
			isa = PBXProject;
			attributes = {
				LastSwiftUpdateCheck = 1170;
				LastUpgradeCheck = 1170;
				ORGANIZATIONNAME = francomomo;
				TargetAttributes = {
					EE8AAFF225195074005DF2BE = {
						CreatedOnToolsVersion = 11.7;
					};
				};
			};
			buildConfigurationList = EE8AAFEE25195074005DF2BE /* Build configuration list for PBXProject "Algo Visualizer" */;
			compatibilityVersion = "Xcode 9.3";
			developmentRegion = en;
			hasScannedForEncodings = 0;
			knownRegions = (
				en,
				Base,
			);
			mainGroup = EE8AAFEA25195074005DF2BE;
			productRefGroup = EE8AAFF425195074005DF2BE /* Products */;
			projectDirPath = "";
			projectRoot = "";
			targets = (
				EE8AAFF225195074005DF2BE /* Algo Visualizer */,
			);
		};
/* End PBXProject section */

/* Begin PBXResourcesBuildPhase section */
		EE8AAFF125195074005DF2BE /* Resources */ = {
			isa = PBXResourcesBuildPhase;
			buildActionMask = 2147483647;
			files = (
				EE8AB00325195077005DF2BE /* LaunchScreen.storyboard in Resources */,
				EE8AB00025195077005DF2BE /* Preview Assets.xcassets in Resources */,
				EE8AAFFD25195077005DF2BE /* Assets.xcassets in Resources */,
			);
			runOnlyForDeploymentPostprocessing = 0;
		};
/* End PBXResourcesBuildPhase section */

/* Begin PBXSourcesBuildPhase section */
		EE8AAFEF25195074005DF2BE /* Sources */ = {
			isa = PBXSourcesBuildPhase;
			buildActionMask = 2147483647;
			files = (
				EE8AAFF725195074005DF2BE /* AppDelegate.swift in Sources */,
				EE8AAFF925195074005DF2BE /* SceneDelegate.swift in Sources */,
				EE8AAFFB25195074005DF2BE /* ContentView.swift in Sources */,
			);
			runOnlyForDeploymentPostprocessing = 0;
		};
/* End PBXSourcesBuildPhase section */

/* Begin PBXVariantGroup section */
		EE8AB00125195077005DF2BE /* LaunchScreen.storyboard */ = {
			isa = PBXVariantGroup;
			children = (
				EE8AB00225195077005DF2BE /* Base */,
			);
			name = LaunchScreen.storyboard;
			sourceTree = "<group>";
		};
/* End PBXVariantGroup section */

/* Begin XCBuildConfiguration section */
		EE8AB00525195077005DF2BE /* Debug */ = {
			isa = XCBuildConfiguration;
			buildSettings = {
				ALWAYS_SEARCH_USER_PATHS = NO;
				CLANG_ANALYZER_NONNULL = YES;
				CLANG_ANALYZER_NUMBER_OBJECT_CONVERSION = YES_AGGRESSIVE;
				CLANG_CXX_LANGUAGE_STANDARD = "gnu++14";
				CLANG_CXX_LIBRARY = "libc++";
				CLANG_ENABLE_MODULES = YES;
				CLANG_ENABLE_OBJC_ARC = YES;
				CLANG_ENABLE_OBJC_WEAK = YES;
				CLANG_WARN_BLOCK_CAPTURE_AUTORELEASING = YES;
				CLANG_WARN_BOOL_CONVERSION = YES;
				CLANG_WARN_COMMA = YES;
				CLANG_WARN_CONSTANT_CONVERSION = YES;
				CLANG_WARN_DEPRECATED_OBJC_IMPLEMENTATIONS = YES;
				CLANG_WARN_DIRECT_OBJC_ISA_USAGE = YES_ERROR;
				CLANG_WARN_DOCUMENTATION_COMMENTS = YES;
				CLANG_WARN_EMPTY_BODY = YES;
				CLANG_WARN_ENUM_CONVERSION = YES;
				CLANG_WARN_INFINITE_RECURSION = YES;
				CLANG_WARN_INT_CONVERSION = YES;
				CLANG_WARN_NON_LITERAL_NULL_CONVERSION = YES;
				CLANG_WARN_OBJC_IMPLICIT_RETAIN_SELF = YES;
				CLANG_WARN_OBJC_LITERAL_CONVERSION = YES;
				CLANG_WARN_OBJC_ROOT_CLASS = YES_ERROR;
				CLANG_WARN_RANGE_LOOP_ANALYSIS = YES;
				CLANG_WARN_STRICT_PROTOTYPES = YES;
				CLANG_WARN_SUSPICIOUS_MOVE = YES;
				CLANG_WARN_UNGUARDED_AVAILABILITY = YES_AGGRESSIVE;
				CLANG_WARN_UNREACHABLE_CODE = YES;
				CLANG_WARN__DUPLICATE_METHOD_MATCH = YES;
				COPY_PHASE_STRIP = NO;
				DEBUG_INFORMATION_FORMAT = dwarf;
				ENABLE_STRICT_OBJC_MSGSEND = YES;
				ENABLE_TESTABILITY = YES;
				GCC_C_LANGUAGE_STANDARD = gnu11;
				GCC_DYNAMIC_NO_PIC = NO;
				GCC_NO_COMMON_BLOCKS = YES;
				GCC_OPTIMIZATION_LEVEL = 0;
				GCC_PREPROCESSOR_DEFINITIONS = (
					"DEBUG=1",
					"$(inherited)",
				);
				GCC_WARN_64_TO_32_BIT_CONVERSION = YES;
				GCC_WARN_ABOUT_RETURN_TYPE = YES_ERROR;
				GCC_WARN_UNDECLARED_SELECTOR = YES;
				GCC_WARN_UNINITIALIZED_AUTOS = YES_AGGRESSIVE;
				GCC_WARN_UNUSED_FUNCTION = YES;
				GCC_WARN_UNUSED_VARIABLE = YES;
				IPHONEOS_DEPLOYMENT_TARGET = 13.7;
				MTL_ENABLE_DEBUG_INFO = INCLUDE_SOURCE;
				MTL_FAST_MATH = YES;
				ONLY_ACTIVE_ARCH = YES;
				SDKROOT = iphoneos;
				SWIFT_ACTIVE_COMPILATION_CONDITIONS = DEBUG;
				SWIFT_OPTIMIZATION_LEVEL = "-Onone";
			};
			name = Debug;
		};
		EE8AB00625195077005DF2BE /* Release */ = {
			isa = XCBuildConfiguration;
			buildSettings = {
				ALWAYS_SEARCH_USER_PATHS = NO;
				CLANG_ANALYZER_NONNULL = YES;
				CLANG_ANALYZER_NUMBER_OBJECT_CONVERSION = YES_AGGRESSIVE;
				CLANG_CXX_LANGUAGE_STANDARD = "gnu++14";
				CLANG_CXX_LIBRARY = "libc++";
				CLANG_ENABLE_MODULES = YES;
				CLANG_ENABLE_OBJC_ARC = YES;
				CLANG_ENABLE_OBJC_WEAK = YES;
				CLANG_WARN_BLOCK_CAPTURE_AUTORELEASING = YES;
				CLANG_WARN_BOOL_CONVERSION = YES;
				CLANG_WARN_COMMA = YES;
				CLANG_WARN_CONSTANT_CONVERSION = YES;
				CLANG_WARN_DEPRECATED_OBJC_IMPLEMENTATIONS = YES;
				CLANG_WARN_DIRECT_OBJC_ISA_USAGE = YES_ERROR;
				CLANG_WARN_DOCUMENTATION_COMMENTS = YES;
				CLANG_WARN_EMPTY_BODY = YES;
				CLANG_WARN_ENUM_CONVERSION = YES;
				CLANG_WARN_INFINITE_RECURSION = YES;
				CLANG_WARN_INT_CONVERSION = YES;
				CLANG_WARN_NON_LITERAL_NULL_CONVERSION = YES;
				CLANG_WARN_OBJC_IMPLICIT_RETAIN_SELF = YES;
				CLANG_WARN_OBJC_LITERAL_CONVERSION = YES;
				CLANG_WARN_OBJC_ROOT_CLASS = YES_ERROR;
				CLANG_WARN_RANGE_LOOP_ANALYSIS = YES;
				CLANG_WARN_STRICT_PROTOTYPES = YES;
				CLANG_WARN_SUSPICIOUS_MOVE = YES;
				CLANG_WARN_UNGUARDED_AVAILABILITY = YES_AGGRESSIVE;
				CLANG_WARN_UNREACHABLE_CODE = YES;
				CLANG_WARN__DUPLICATE_METHOD_MATCH = YES;
				COPY_PHASE_STRIP = NO;
				DEBUG_INFORMATION_FORMAT = "dwarf-with-dsym";
				ENABLE_NS_ASSERTIONS = NO;
				ENABLE_STRICT_OBJC_MSGSEND = YES;
				GCC_C_LANGUAGE_STANDARD = gnu11;
				GCC_NO_COMMON_BLOCKS = YES;
				GCC_WARN_64_TO_32_BIT_CONVERSION = YES;
				GCC_WARN_ABOUT_RETURN_TYPE = YES_ERROR;
				GCC_WARN_UNDECLARED_SELECTOR = YES;
				GCC_WARN_UNINITIALIZED_AUTOS = YES_AGGRESSIVE;
				GCC_WARN_UNUSED_FUNCTION = YES;
				GCC_WARN_UNUSED_VARIABLE = YES;
				IPHONEOS_DEPLOYMENT_TARGET = 13.7;
				MTL_ENABLE_DEBUG_INFO = NO;
				MTL_FAST_MATH = YES;
				SDKROOT = iphoneos;
				SWIFT_COMPILATION_MODE = wholemodule;
				SWIFT_OPTIMIZATION_LEVEL = "-O";
				VALIDATE_PRODUCT = YES;
			};
			name = Release;
		};
		EE8AB00825195077005DF2BE /* Debug */ = {
			isa = XCBuildConfiguration;
			buildSettings = {
				ASSETCATALOG_COMPILER_APPICON_NAME = AppIcon;
				CODE_SIGN_STYLE = Automatic;
				DEVELOPMENT_ASSET_PATHS = "\"Algo Visualizer/Preview Content\"";
				DEVELOPMENT_TEAM = B9HC8Z2DVG;
				ENABLE_PREVIEWS = YES;
				INFOPLIST_FILE = "Algo Visualizer/Info.plist";
				LD_RUNPATH_SEARCH_PATHS = (
					"$(inherited)",
					"@executable_path/Frameworks",
				);
				PRODUCT_BUNDLE_IDENTIFIER = "com.francomomo.Algo-Visualizer";
				PRODUCT_NAME = "$(TARGET_NAME)";
				SWIFT_VERSION = 5.0;
				TARGETED_DEVICE_FAMILY = "1,2";
			};
			name = Debug;
		};
		EE8AB00925195077005DF2BE /* Release */ = {
			isa = XCBuildConfiguration;
			buildSettings = {
				ASSETCATALOG_COMPILER_APPICON_NAME = AppIcon;
				CODE_SIGN_STYLE = Automatic;
				DEVELOPMENT_ASSET_PATHS = "\"Algo Visualizer/Preview Content\"";
				DEVELOPMENT_TEAM = B9HC8Z2DVG;
				ENABLE_PREVIEWS = YES;
				INFOPLIST_FILE = "Algo Visualizer/Info.plist";
				LD_RUNPATH_SEARCH_PATHS = (
					"$(inherited)",
					"@executable_path/Frameworks",
				);
				PRODUCT_BUNDLE_IDENTIFIER = "com.francomomo.Algo-Visualizer";
				PRODUCT_NAME = "$(TARGET_NAME)";
				SWIFT_VERSION = 5.0;
				TARGETED_DEVICE_FAMILY = "1,2";
			};
			name = Release;
		};
/* End XCBuildConfiguration section */

/* Begin XCConfigurationList section */
		EE8AAFEE25195074005DF2BE /* Build configuration list for PBXProject "Algo Visualizer" */ = {
			isa = XCConfigurationList;
			buildConfigurations = (
				EE8AB00525195077005DF2BE /* Debug */,
				EE8AB00625195077005DF2BE /* Release */,
			);
			defaultConfigurationIsVisible = 0;
			defaultConfigurationName = Release;
		};
		EE8AB00725195077005DF2BE /* Build configuration list for PBXNativeTarget "Algo Visualizer" */ = {
			isa = XCConfigurationList;
			buildConfigurations = (
				EE8AB00825195077005DF2BE /* Debug */,
				EE8AB00925195077005DF2BE /* Release */,
			);
			defaultConfigurationIsVisible = 0;
			defaultConfigurationName = Release;
		};
/* End XCConfigurationList section */
	};
	rootObject = EE8AAFEB25195074005DF2BE /* Project object */;
}
